
Microsoft Visual Studio Solution File, Format Version 12.00
# Visual Studio 14
VisualStudioVersion = 14.0.25420.1
MinimumVisualStudioVersion = 10.0.40219.1
Project("{FAE04EC0-301F-11D3-BF4B-00C04F79EFBC}") = "UseExternalTool", "ExternalTools\UseExternalTool.csproj", "{E82AE8C2-D4B1-4CD5-8503-6F9F7222AF5E}"
EndProject
Project("{D954291E-2A0B-460D-934E-DC6B0785DB48}") = "DemoAssets", "DemoAssets\DemoAssets.shproj", "{8DA45A58-54F7-46E5-B8E5-217876118D08}"
EndProject
Global
	GlobalSection(SharedMSBuildProjectFiles) = preSolution
		DemoAssets\DemoAssets.projitems*{8da45a58-54f7-46e5-b8e5-217876118d08}*SharedItemsImports = 13
	EndGlobalSection
	GlobalSection(SolutionConfigurationPlatforms) = preSolution
		Debug|Any CPU = Debug|Any CPU
		Release|Any CPU = Release|Any CPU
	EndGlobalSection
	GlobalSection(ProjectConfigurationPlatforms) = postSolution
		{E82AE8C2-D4B1-4CD5-8503-6F9F7222AF5E}.Debug|Any CPU.ActiveCfg = Debug|Any CPU
		{E82AE8C2-D4B1-4CD5-8503-6F9F7222AF5E}.Debug|Any CPU.Build.0 = Debug|Any CPU
		{E82AE8C2-D4B1-4CD5-8503-6F9F7222AF5E}.Release|Any CPU.ActiveCfg = Release|Any CPU
		{E82AE8C2-D4B1-4CD5-8503-6F9F7222AF5E}.Release|Any CPU.Build.0 = Release|Any CPU
	EndGlobalSection
	GlobalSection(SolutionProperties) = preSolution
		HideSolutionNode = FALSE
	EndGlobalSection
EndGlobal
