
Microsoft Visual Studio Solution File, Format Version 12.00
# Visual Studio 14
VisualStudioVersion = 14.0.25420.1
MinimumVisualStudioVersion = 10.0.40219.1
Project("{FAE04EC0-301F-11D3-BF4B-00C04F79EFBC}") = "Assets", "Assets\Assets.csproj", "{3F67AED7-9CF2-4BB1-A833-5B0765B06554}"
EndProject
Project("{FAE04EC0-301F-11D3-BF4B-00C04F79EFBC}") = "CreateItemTemplate", "ItemTemplate\CreateItemTemplate.csproj", "{2FFDEAB1-3234-46BA-B477-A8F844CE010A}"
EndProject
Project("{D954291E-2A0B-460D-934E-DC6B0785DB48}") = "DemoAssets", "DemoAssets\DemoAssets.shproj", "{8DA45A58-54F7-46E5-B8E5-217876118D08}"
EndProject
Global
	GlobalSection(SharedMSBuildProjectFiles) = preSolution
		DemoAssets\DemoAssets.projitems*{8da45a58-54f7-46e5-b8e5-217876118d08}*SharedItemsImports = 13
	EndGlobalSection
	GlobalSection(SolutionConfigurationPlatforms) = preSolution
		Debug|Any CPU = Debug|Any CPU
		Release|Any CPU = Release|Any CPU
	EndGlobalSection
	GlobalSection(ProjectConfigurationPlatforms) = postSolution
		{3F67AED7-9CF2-4BB1-A833-5B0765B06554}.Debug|Any CPU.ActiveCfg = Debug|Any CPU
		{3F67AED7-9CF2-4BB1-A833-5B0765B06554}.Release|Any CPU.ActiveCfg = Release|Any CPU
		{3F67AED7-9CF2-4BB1-A833-5B0765B06554}.Release|Any CPU.Build.0 = Release|Any CPU
		{2FFDEAB1-3234-46BA-B477-A8F844CE010A}.Debug|Any CPU.ActiveCfg = Debug|Any CPU
		{2FFDEAB1-3234-46BA-B477-A8F844CE010A}.Debug|Any CPU.Build.0 = Debug|Any CPU
		{2FFDEAB1-3234-46BA-B477-A8F844CE010A}.Release|Any CPU.ActiveCfg = Release|Any CPU
		{2FFDEAB1-3234-46BA-B477-A8F844CE010A}.Release|Any CPU.Build.0 = Release|Any CPU
	EndGlobalSection
	GlobalSection(SolutionProperties) = preSolution
		HideSolutionNode = FALSE
	EndGlobalSection
EndGlobal
